
Microsoft Visual Studio Solution File, Format Version 12.00
# Visual Studio Version 17
VisualStudioVersion = 17.11.35303.130
MinimumVisualStudioVersion = 10.0.40219.1
Project("{FAE04EC0-301F-11D3-BF4B-00C04F79EFBC}") = "Gerasimova41", "Gerasimova41\Gerasimova41.csproj", "{E3831516-6017-4B17-A4F5-2F88F8AA0638}"
EndProject
Global
	GlobalSection(SolutionConfigurationPlatforms) = preSolution
		Debug|Any CPU = Debug|Any CPU
		Release|Any CPU = Release|Any CPU
	EndGlobalSection
	GlobalSection(ProjectConfigurationPlatforms) = postSolution
		{E3831516-6017-4B17-A4F5-2F88F8AA0638}.Debug|Any CPU.ActiveCfg = Debug|Any CPU
		{E3831516-6017-4B17-A4F5-2F88F8AA0638}.Debug|Any CPU.Build.0 = Debug|Any CPU
		{E3831516-6017-4B17-A4F5-2F88F8AA0638}.Release|Any CPU.ActiveCfg = Release|Any CPU
		{E3831516-6017-4B17-A4F5-2F88F8AA0638}.Release|Any CPU.Build.0 = Release|Any CPU
	EndGlobalSection
	GlobalSection(SolutionProperties) = preSolution
		HideSolutionNode = FALSE
	EndGlobalSection
	GlobalSection(ExtensibilityGlobals) = postSolution
		SolutionGuid = {A38F33B7-5319-4C4A-901A-5B6D3EABC140}
	EndGlobalSection
EndGlobal
